version = 1
revision = 3
requires-python = ">=3.13"

[[package]]
name = "certifi"
version = "2024.7.4"
source = { registry = "https://packages.vcfd.broadcom.net/artifactory/api/pypi/pypi-virtual/simple" }
sdist = { url = "https://packages.vcfd.broadcom.net/artifactory/api/pypi/pypi-virtual/packages/packages/c2/02/a95f2b11e207f68bc64d7aae9666fed2e2b3f307748d5123dffb72a1bbea/certifi-2024.7.4.tar.gz", hash = "sha256:5a1e7645bc0ec61a09e26c36f6106dd4cf40c6db3a1fb6352b0244e7fb057c7b" }
wheels = [
    { url = "https://packages.vcfd.broadcom.net/artifactory/api/pypi/pypi-virtual/packages/packages/1c/d5/c84e1a17bf61d4df64ca866a1c9a913874b4e9bdc131ec689a0ad013fb36/certifi-2024.7.4-py3-none-any.whl", hash = "sha256:c198e21b1289c2ab85ee4e67bb4b4ef3ead0892059901a8d5b622f24a1101e90" },
]

[[package]]
name = "charset-normalizer"
version = "3.1.0"
source = { registry = "https://packages.vcfd.broadcom.net/artifactory/api/pypi/pypi-virtual/simple" }
sdist = { url = "https://packages.vcfd.broadcom.net/artifactory/api/pypi/pypi-virtual/packages/packages/ff/d7/8d757f8bd45be079d76309248845a04f09619a7b17d6dfc8c9ff6433cac2/charset-normalizer-3.1.0.tar.gz", hash = "sha256:34e0a2f9c370eb95597aae63bf85eb5e96826d81e3dcf88b8886012906f509b5" }
wheels = [
    { url = "https://packages.vcfd.broadcom.net/artifactory/api/pypi/pypi-virtual/packages/packages/ef/81/14b3b8f01ddaddad6cdec97f2f599aa2fa466bd5ee9af99b08b7713ccd29/charset_normalizer-3.1.0-py3-none-any.whl", hash = "sha256:3d9098b479e78c85080c98e1e35ff40b4a31d8953102bb0fd7d1b6f8a2111a3d" },
]

[[package]]
name = "docopt"
version = "0.6.2"
source = { registry = "https://packages.vcfd.broadcom.net/artifactory/api/pypi/pypi-virtual/simple" }
sdist = { url = "https://packages.vcfd.broadcom.net/artifactory/api/pypi/pypi-virtual/packages/packages/a2/55/8f8cab2afd404cf578136ef2cc5dfb50baa1761b68c9da1fb1e4eed343c9/docopt-0.6.2.tar.gz", hash = "sha256:49b3a825280bd66b3aa83585ef59c4a8c82f2c8a522dbe754a8bc8d08c85c491" }

[[package]]
name = "idna"
version = "3.7"
source = { registry = "https://packages.vcfd.broadcom.net/artifactory/api/pypi/pypi-virtual/simple" }
sdist = { url = "https://packages.vcfd.broadcom.net/artifactory/api/pypi/pypi-virtual/packages/packages/21/ed/f86a79a07470cb07819390452f178b3bef1d375f2ec021ecfc709fc7cf07/idna-3.7.tar.gz", hash = "sha256:028ff3aadf0609c1fd278d8ea3089299412a7a8b9bd005dd08b9f8285bcb5cfc" }
wheels = [
    { url = "https://packages.vcfd.broadcom.net/artifactory/api/pypi/pypi-virtual/packages/packages/e5/3e/741d8c82801c347547f8a2a06aa57dbb1992be9e948df2ea0eda2c8b79e8/idna-3.7-py3-none-any.whl", hash = "sha256:82fee1fc78add43492d3a1898bfa6d8a904cc97d8427f683ed8e798d07761aa0" },
]

[[package]]
name = "markdown-it-py"
version = "4.2.0"
source = { registry = "https://packages.vcfd.broadcom.net/artifactory/api/pypi/pypi-virtual/simple" }
dependencies = [
    { name = "mdurl" },
]
sdist = { url = "https://packages.vcfd.broadcom.net/artifactory/api/pypi/pypi-virtual/packages/packages/06/ff/7841249c247aa650a76b9ee4bbaeae59370dc8bfd2f6c01f3630c35eb134/markdown_it_py-4.2.0.tar.gz", hash = "sha256:04a21681d6fbb623de53f6f364d352309d4094dd4194040a10fd51833e418d49" }
wheels = [
    { url = "https://packages.vcfd.broadcom.net/artifactory/api/pypi/pypi-virtual/packages/packages/b3/81/4da04ced5a082363ecfa159c010d200ecbd959ae410c10c0264a38cac0f5/markdown_it_py-4.2.0-py3-none-any.whl", hash = "sha256:9f7ebbcd14fe59494226453aed97c1070d83f8d24b6fc3a3bcf9a38092641c4a" },
]

[[package]]
name = "mdurl"
version = "0.1.2"
source = { registry = "https://packages.vcfd.broadcom.net/artifactory/api/pypi/pypi-virtual/simple" }
sdist = { url = "https://packages.vcfd.broadcom.net/artifactory/api/pypi/pypi-virtual/packages/packages/d6/54/cfe61301667036ec958cb99bd3efefba235e65cdeb9c84d24a8293ba1d90/mdurl-0.1.2.tar.gz", hash = "sha256:bb413d29f5eea38f31dd4754dd7377d4465116fb207585f97bf925588687c1ba" }
wheels = [
    { url = "https://packages.vcfd.broadcom.net/artifactory/api/pypi/pypi-virtual/packages/packages/b3/38/89ba8ad64ae25be8de66a6d463314cf1eb366222074cfda9ee839c56a4b4/mdurl-0.1.2-py3-none-any.whl", hash = "sha256:84008a41e51615a49fc9966191ff91509e3c40b939176e643fd50a5c2196b8f8" },
]

[[package]]
name = "prettytable"
version = "3.8.0"
source = { registry = "https://packages.vcfd.broadcom.net/artifactory/api/pypi/pypi-virtual/simple" }
dependencies = [
    { name = "wcwidth" },
]
sdist = { url = "https://packages.vcfd.broadcom.net/artifactory/api/pypi/pypi-virtual/packages/packages/18/fa/82e719efc465238383f099c08b5284b974f5002dbe12050bcbbc912366eb/prettytable-3.8.0.tar.gz", hash = "sha256:031eae6a9102017e8c7c7906460d150b7ed78b20fd1d8c8be4edaf88556c07ce" }
wheels = [
    { url = "https://packages.vcfd.broadcom.net/artifactory/api/pypi/pypi-virtual/packages/packages/25/1e/4c284713b092ec384fad4399452f43f6446ad9aabc9c0b3c3c0920cc53b6/prettytable-3.8.0-py3-none-any.whl", hash = "sha256:03481bca25ae0c28958c8cd6ac5165c159ce89f7ccde04d5c899b24b68bb13b7" },
]

[[package]]
name = "prompt-toolkit"
version = "3.0.53"
source = { registry = "https://packages.vcfd.broadcom.net/artifactory/api/pypi/pypi-virtual/simple" }
dependencies = [
    { name = "wcwidth" },
]
sdist = { url = "https://packages.vcfd.broadcom.net/artifactory/api/pypi/pypi-virtual/packages/packages/7d/ea/39b988c938f75cb75d7045b5c69f8bfed47ee2152c8837fb403de29d6fb8/prompt_toolkit-3.0.53.tar.gz", hash = "sha256:9ec8a0ad96d5c56148b3f914aa79c1564c3fde5d2e6b876e7bc327e353cf8fa6" }
wheels = [
    { url = "https://packages.vcfd.broadcom.net/artifactory/api/pypi/pypi-virtual/packages/packages/54/6f/84908cad2d6aa5144abcf7b42709fe4fdb459bc640ec7ac5786e7693dabc/prompt_toolkit-3.0.53-py3-none-any.whl", hash = "sha256:01c0891d7f9237d5e339f7d3e42cdae80b7534abb1c7c0e3352efba6231492f2" },
]

[[package]]
name = "pyflakes"
version = "3.4.0"
source = { registry = "https://packages.vcfd.broadcom.net/artifactory/api/pypi/pypi-virtual/simple" }
sdist = { url = "https://packages.vcfd.broadcom.net/artifactory/api/pypi/pypi-virtual/packages/packages/45/dc/fd034dc20b4b264b3d015808458391acbf9df40b1e54750ef175d39180b1/pyflakes-3.4.0.tar.gz", hash = "sha256:b24f96fafb7d2ab0ec5075b7350b3d2d2218eab42003821c06344973d3ea2f58" }
wheels = [
    { url = "https://packages.vcfd.broadcom.net/artifactory/api/pypi/pypi-virtual/packages/packages/c2/2f/81d580a0fb83baeb066698975cb14a618bdbed7720678566f1b046a95fe8/pyflakes-3.4.0-py2.py3-none-any.whl", hash = "sha256:f742a7dbd0d9cb9ea41e9a24a918996e8170c799fa528688d40dd582c8265f4f" },
]

[[package]]
name = "pygments"
version = "2.20.0"
source = { registry = "https://packages.vcfd.broadcom.net/artifactory/api/pypi/pypi-virtual/simple" }
sdist = { url = "https://packages.vcfd.broadcom.net/artifactory/api/pypi/pypi-virtual/packages/packages/c3/b2/bc9c9196916376152d655522fdcebac55e66de6603a76a02bca1b6414f6c/pygments-2.20.0.tar.gz", hash = "sha256:6757cd03768053ff99f3039c1a36d6c0aa0b263438fcab17520b30a303a82b5f" }
wheels = [
    { url = "https://packages.vcfd.broadcom.net/artifactory/api/pypi/pypi-virtual/packages/packages/f4/7e/a72dd26f3b0f4f2bf1dd8923c85f7ceb43172af56d63c7383eb62b332364/pygments-2.20.0-py3-none-any.whl", hash = "sha256:81a9e26dd42fd28a23a2d169d86d7ac03b46e2f8b59ed4698fb4785f946d0176" },
]

[[package]]
name = "python"
version = "0.1.0"
source = { virtual = "." }
dependencies = [
    { name = "certifi" },
    { name = "charset-normalizer" },
    { name = "idna" },
    { name = "prettytable" },
    { name = "pyvim" },
    { name = "pyvmomi" },
    { name = "requests" },
    { name = "rich" },
    { name = "urllib3" },
    { name = "wcwidth" },
]

[package.metadata]
requires-dist = [
    { name = "certifi", specifier = "==2024.7.4" },
    { name = "charset-normalizer", specifier = "==3.1.0" },
    { name = "idna", specifier = "==3.7" },
    { name = "prettytable", specifier = "==3.8.0" },
    { name = "pyvim", specifier = ">=3.0.3" },
    { name = "pyvmomi", specifier = ">=9.1.0.0" },
    { name = "requests", specifier = "==2.33.0" },
    { name = "rich", specifier = ">=15.0.0" },
    { name = "urllib3", specifier = "==2.7.0" },
    { name = "wcwidth", specifier = "==0.2.6" },
]

[[package]]
name = "pyvim"
version = "3.0.3"
source = { registry = "https://packages.vcfd.broadcom.net/artifactory/api/pypi/pypi-virtual/simple" }
dependencies = [
    { name = "docopt" },
    { name = "prompt-toolkit" },
    { name = "pyflakes" },
    { name = "pygments" },
    { name = "six" },
]
sdist = { url = "https://packages.vcfd.broadcom.net/artifactory/api/pypi/pypi-virtual/packages/packages/c3/31/04e144ec3a3a0303e3ef1ef9c6c1ec8a3b5ba9e88b98d21442d9152783c1/pyvim-3.0.3.tar.gz", hash = "sha256:2a3506690f73a79dd02cdc45f872d3edf20a214d4c3666d12459e2ce5b644baa" }
wheels = [
    { url = "https://packages.vcfd.broadcom.net/artifactory/api/pypi/pypi-virtual/packages/packages/dc/1c/ae384ac2f62f66bc7e7b0a187aab7a219af5225515e02f6b81df5273a626/pyvim-3.0.3-py3-none-any.whl", hash = "sha256:54cc831ee0c5d2ec0b2fa111ea98f7e13e022670a43d4091356b7a542db9683e" },
]

[[package]]
name = "pyvmomi"
version = "9.1.0.0"
source = { registry = "https://packages.vcfd.broadcom.net/artifactory/api/pypi/pypi-virtual/simple" }
wheels = [
    { url = "https://packages.vcfd.broadcom.net/artifactory/api/pypi/pypi-virtual/packages/packages/bd/5c/044debed55cf2ea6f7bdd7da7bb4c0b5feeb06158380dfd0b450b3b55611/pyvmomi-9.1.0.0-py3-none-any.whl", hash = "sha256:f4b024baa7e5179d14f350dd006b788365e4aaadf15850e36024945a114db92b" },
]

[[package]]
name = "requests"
version = "2.33.0"
source = { registry = "https://packages.vcfd.broadcom.net/artifactory/api/pypi/pypi-virtual/simple" }
dependencies = [
    { name = "certifi" },
    { name = "charset-normalizer" },
    { name = "idna" },
    { name = "urllib3" },
]
sdist = { url = "https://packages.vcfd.broadcom.net/artifactory/api/pypi/pypi-virtual/packages/packages/34/64/8860370b167a9721e8956ae116825caff829224fbca0ca6e7bf8ddef8430/requests-2.33.0.tar.gz", hash = "sha256:c7ebc5e8b0f21837386ad0e1c8fe8b829fa5f544d8df3b2253bff14ef29d7652" }
wheels = [
    { url = "https://packages.vcfd.broadcom.net/artifactory/api/pypi/pypi-virtual/packages/packages/56/5d/c814546c2333ceea4ba42262d8c4d55763003e767fa169adc693bd524478/requests-2.33.0-py3-none-any.whl", hash = "sha256:3324635456fa185245e24865e810cecec7b4caf933d7eb133dcde67d48cee69b" },
]

[[package]]
name = "rich"
version = "15.0.0"
source = { registry = "https://packages.vcfd.broadcom.net/artifactory/api/pypi/pypi-virtual/simple" }
dependencies = [
    { name = "markdown-it-py" },
    { name = "pygments" },
]
sdist = { url = "https://packages.vcfd.broadcom.net/artifactory/api/pypi/pypi-virtual/packages/packages/c0/8f/0722ca900cc807c13a6a0c696dacf35430f72e0ec571c4275d2371fca3e9/rich-15.0.0.tar.gz", hash = "sha256:edd07a4824c6b40189fb7ac9bc4c52536e9780fbbfbddf6f1e2502c31b068c36" }
wheels = [
    { url = "https://packages.vcfd.broadcom.net/artifactory/api/pypi/pypi-virtual/packages/packages/82/3b/64d4899d73f91ba49a8c18a8ff3f0ea8f1c1d75481760df8c68ef5235bf5/rich-15.0.0-py3-none-any.whl", hash = "sha256:33bd4ef74232fb73fe9279a257718407f169c09b78a87ad3d296f548e27de0bb" },
]

[[package]]
name = "six"
version = "1.17.0"
source = { registry = "https://packages.vcfd.broadcom.net/artifactory/api/pypi/pypi-virtual/simple" }
sdist = { url = "https://packages.vcfd.broadcom.net/artifactory/api/pypi/pypi-virtual/packages/packages/94/e7/b2c673351809dca68a0e064b6af791aa332cf192da575fd474ed7d6f16a2/six-1.17.0.tar.gz", hash = "sha256:ff70335d468e7eb6ec65b95b99d3a2836546063f63acc5171de367e834932a81" }
wheels = [
    { url = "https://packages.vcfd.broadcom.net/artifactory/api/pypi/pypi-virtual/packages/packages/b7/ce/149a00dd41f10bc29e5921b496af8b574d8413afcd5e30dfa0ed46c2cc5e/six-1.17.0-py2.py3-none-any.whl", hash = "sha256:4721f391ed90541fddacab5acf947aa0d3dc7d27b2e1e8eda2be8970586c3274" },
]

[[package]]
name = "urllib3"
version = "2.7.0"
source = { registry = "https://packages.vcfd.broadcom.net/artifactory/api/pypi/pypi-virtual/simple" }
sdist = { url = "https://packages.vcfd.broadcom.net/artifactory/api/pypi/pypi-virtual/packages/packages/53/0c/06f8b233b8fd13b9e5ee11424ef85419ba0d8ba0b3138bf360be2ff56953/urllib3-2.7.0.tar.gz", hash = "sha256:231e0ec3b63ceb14667c67be60f2f2c40a518cb38b03af60abc813da26505f4c" }
wheels = [
    { url = "https://packages.vcfd.broadcom.net/artifactory/api/pypi/pypi-virtual/packages/packages/7f/3e/5db95bcf282c52709639744ca2a8b149baccf648e39c8cc87553df9eae0c/urllib3-2.7.0-py3-none-any.whl", hash = "sha256:9fb4c81ebbb1ce9531cce37674bbc6f1360472bc18ca9a553ede278ef7276897" },
]

[[package]]
name = "wcwidth"
version = "0.2.6"
source = { registry = "https://packages.vcfd.broadcom.net/artifactory/api/pypi/pypi-virtual/simple" }
sdist = { url = "https://packages.vcfd.broadcom.net/artifactory/api/pypi/pypi-virtual/packages/packages/5e/5f/1e4bd82a9cc1f17b2c2361a2d876d4c38973a997003ba5eb400e8a932b6c/wcwidth-0.2.6.tar.gz", hash = "sha256:a5220780a404dbe3353789870978e472cfe477761f06ee55077256e509b156d0" }
wheels = [
    { url = "https://packages.vcfd.broadcom.net/artifactory/api/pypi/pypi-virtual/packages/packages/20/f4/c0584a25144ce20bfcf1aecd041768b8c762c1eb0aa77502a3f0baa83f11/wcwidth-0.2.6-py2.py3-none-any.whl", hash = "sha256:795b138f6875577cd91bba52baf9e445cd5118fd32723b460e30a0af30ea230e" },
]
